%{"cowboy": {:hex, :cowboy, "1.0.4", "a324a8df9f2316c833a470d918aaf73ae894278b8aa6226ce7a9bf699388f878", [:make, :rebar], [{:cowlib, "~> 1.0.0", [hex: :cowlib, repo: "hexpm", optional: false]}, {:ranch, "~> 1.0", [hex: :ranch, repo: "hexpm", optional: false]}], "hexpm"},
  "cowlib": {:hex, :cowlib, "1.0.2", "9d769a1d062c9c3ac753096f868ca121e2730b9a377de23dec0f7e08b1df84ee", [:make], [], "hexpm"},
  "mime": {:hex, :mime, "1.1.0", "01c1d6f4083d8aa5c7b8c246ade95139620ef8effb009edde934e0ec3b28090a", [], [], "hexpm"},
  "plug": {:hex, :plug, "0.14.0", "4b4e26c3af8cb50e468f9eaa39566796447c92a7ec417a025b819302ff948283", [:mix], [{:cowboy, "~> 1.0", [hex: :cowboy, repo: "hexpm", optional: true]}], "hexpm"},
  "plug_cowboy2": {:git, "https://github.com/voicelayer/plug_cowboy2.git", "be9b051aa1b44461c0af1d25cf1737fe950e2c35", []},
  "ranch": {:hex, :ranch, "1.4.0", "10272f95da79340fa7e8774ba7930b901713d272905d0012b06ca6d994f8826b", [:rebar3], [], "hexpm"}}
